
Microsoft Visual Studio Solution File, Format Version 11.00
# Visual Studio 2010
Project("{FAE04EC0-301F-11D3-BF4B-00C04F79EFBC}") = "Assembly-CSharp", "Assembly-CSharp.csproj", "{FC38D9FC-5466-76B8-5D8D-B195BB03054B}"
EndProject
Global
	GlobalSection(SolutionConfigurationPlatforms) = preSolution
		Debug|Any CPU = Debug|Any CPU
		Release|Any CPU = Release|Any CPU
	EndGlobalSection
	GlobalSection(ProjectConfigurationPlatforms) = postSolution
		{FC38D9FC-5466-76B8-5D8D-B195BB03054B}.Debug|Any CPU.ActiveCfg = Debug|Any CPU
		{FC38D9FC-5466-76B8-5D8D-B195BB03054B}.Debug|Any CPU.Build.0 = Debug|Any CPU
		{FC38D9FC-5466-76B8-5D8D-B195BB03054B}.Release|Any CPU.ActiveCfg = Release|Any CPU
		{FC38D9FC-5466-76B8-5D8D-B195BB03054B}.Release|Any CPU.Build.0 = Release|Any CPU
	EndGlobalSection
	GlobalSection(SolutionProperties) = preSolution
		HideSolutionNode = FALSE
	EndGlobalSection
	GlobalSection(MonoDevelopProperties) = preSolution
		StartupItem = Assembly-CSharp.csproj
	EndGlobalSection
EndGlobal
